<?xml version="1.0" encoding="utf-8"?>
<Project ToolsVersion="4.0" xmlns="http://schemas.microsoft.com/developer/msbuild/2003">
  <ItemGroup>
    <Filter Include="Source Files">
      <UniqueIdentifier>{4FC737F1-C7A5-4376-A066-2A32D752A2FF}</UniqueIdentifier>
      <Extensions>cpp;c;cc;cxx;c++;cppm;ixx;def;odl;idl;hpj;bat;asm;asmx</Extensions>
    </Filter>
    <Filter Include="Header Files">
      <UniqueIdentifier>{93995380-89BD-4b04-88EB-625FBE52EBFB}</UniqueIdentifier>
      <Extensions>h;hh;hpp;hxx;h++;hm;inl;inc;ipp;xsd</Extensions>
    </Filter>
    <Filter Include="Resource Files">
      <UniqueIdentifier>{67DA6AB6-F800-4c08-8B7A-83BB121AAD01}</UniqueIdentifier>
      <Extensions>rc;ico;cur;bmp;dlg;rc2;rct;bin;rgs;gif;jpg;jpeg;jpe;resx;tiff;tif;png;wav;mfcribbon-ms</Extensions>
    </Filter>
  </ItemGroup>
  <ItemGroup>
    <None Include="glew32.dll">
      <Filter>Resource Files</Filter>
    </None>
    <None Include="freeglut.dll">
      <Filter>Resource Files</Filter>
    </None>
    <None Include="ikpFlac.dll">
      <Filter>Resource Files</Filter>
    </None>
    <None Include="ikpMP3.dll">
      <Filter>Resource Files</Filter>
    </None>
    <None Include="irrKlang.dll">
      <Filter>Resource Files</Filter>
    </None>
  </ItemGroup>
  <ItemGroup>
    <ClCompile Include="Main.cpp">
      <Filter>Source Files</Filter>
    </ClCompile>
    <ClCompile Include="Jucator.cpp">
      <Filter>Source Files</Filter>
    </ClCompile>
    <ClCompile Include="Inamic.cpp">
      <Filter>Source Files</Filter>
    </ClCompile>
    <ClCompile Include="Bikers.cpp">
      <Filter>Source Files</Filter>
    </ClCompile>
    <ClCompile Include="Masina.cpp">
      <Filter>Source Files</Filter>
    </ClCompile>
    <ClCompile Include="Ambulanta.cpp">
      <Filter>Source Files</Filter>
    </ClCompile>
    <ClCompile Include="Tir.cpp">
      <Filter>Source Files</Filter>
    </ClCompile>
  </ItemGroup>
  <ItemGroup>
    <ClInclude Include="Jucator.h">
      <Filter>Header Files</Filter>
    </ClInclude>
    <ClInclude Include="Inamic.h">
      <Filter>Header Files</Filter>
    </ClInclude>
    <ClInclude Include="Bikers.h">
      <Filter>Header Files</Filter>
    </ClInclude>
    <ClInclude Include="Masina.h">
      <Filter>Header Files</Filter>
    </ClInclude>
    <ClInclude Include="Ambulanta.h">
      <Filter>Header Files</Filter>
    </ClInclude>
    <ClInclude Include="Tir.h">
      <Filter>Header Files</Filter>
    </ClInclude>
    <ClInclude Include="resource.h">
      <Filter>Header Files</Filter>
    </ClInclude>
  </ItemGroup>
  <ItemGroup>
    <Media Include="Sound\claxon_default.wav">
      <Filter>Resource Files</Filter>
    </Media>
    <Media Include="Sound\claxon_CO.wav">
      <Filter>Resource Files</Filter>
    </Media>
    <Media Include="Sound\claxon_ambulanta.wav">
      <Filter>Resource Files</Filter>
    </Media>
    <Media Include="Sound\claxon_tir.wav">
      <Filter>Resource Files</Filter>
    </Media>
    <Media Include="Sound\close dor, start engine, drive.wav">
      <Filter>Resource Files</Filter>
    </Media>
    <Media Include="Sound\car crash.wav">
      <Filter>Resource Files</Filter>
    </Media>
    <Media Include="Sound\drive loop.wav">
      <Filter>Resource Files</Filter>
    </Media>
    <Media Include="Sound\cuplu de betoniera2.wav">
      <Filter>Resource Files</Filter>
    </Media>
  </ItemGroup>
</Project>